
Microsoft Visual Studio Solution File, Format Version 12.00
# Visual Studio Version 16
VisualStudioVersion = 16.0.30523.141
MinimumVisualStudioVersion = 10.0.40219.1
Project("{FAE04EC0-301F-11D3-BF4B-00C04F79EFBC}") = "Ex03.GarageLogic", "Ex03.GarageLogic\Ex03.GarageLogic.csproj", "{4ADF0918-0F44-4ACD-9E70-CEE4E0821792}"
EndProject
Project("{FAE04EC0-301F-11D3-BF4B-00C04F79EFBC}") = "Ex03.ConsoleUI", "Ex03.ConsoleUI\Ex03.ConsoleUI.csproj", "{0A2773E4-E950-4913-B8AC-3777E92455FC}"
EndProject
Global
	GlobalSection(SolutionConfigurationPlatforms) = preSolution
		Debug|Any CPU = Debug|Any CPU
		Release|Any CPU = Release|Any CPU
	EndGlobalSection
	GlobalSection(ProjectConfigurationPlatforms) = postSolution
		{4ADF0918-0F44-4ACD-9E70-CEE4E0821792}.Debug|Any CPU.ActiveCfg = Debug|Any CPU
		{4ADF0918-0F44-4ACD-9E70-CEE4E0821792}.Debug|Any CPU.Build.0 = Debug|Any CPU
		{4ADF0918-0F44-4ACD-9E70-CEE4E0821792}.Release|Any CPU.ActiveCfg = Release|Any CPU
		{4ADF0918-0F44-4ACD-9E70-CEE4E0821792}.Release|Any CPU.Build.0 = Release|Any CPU
		{0A2773E4-E950-4913-B8AC-3777E92455FC}.Debug|Any CPU.ActiveCfg = Debug|Any CPU
		{0A2773E4-E950-4913-B8AC-3777E92455FC}.Debug|Any CPU.Build.0 = Debug|Any CPU
		{0A2773E4-E950-4913-B8AC-3777E92455FC}.Release|Any CPU.ActiveCfg = Release|Any CPU
		{0A2773E4-E950-4913-B8AC-3777E92455FC}.Release|Any CPU.Build.0 = Release|Any CPU
	EndGlobalSection
	GlobalSection(SolutionProperties) = preSolution
		HideSolutionNode = FALSE
	EndGlobalSection
	GlobalSection(ExtensibilityGlobals) = postSolution
		SolutionGuid = {2512491A-D421-4C49-8FC4-BD743FB4CDB5}
	EndGlobalSection
EndGlobal
